# THIS IS AN AUTOGENERATED FILE. DO NOT EDIT THIS FILE DIRECTLY.
# yarn lockfile v1


app-root-path@^3.1.0:
  version "3.1.0"
  resolved "https://registry.yarnpkg.com/app-root-path/-/app-root-path-3.1.0.tgz#5971a2fc12ba170369a7a1ef018c71e6e47c2e86"
  integrity sha512-biN3PwB2gUtjaYy/isrU3aNWI5w+fAfvHkSvCKeQGxhmYpwKFUxudR3Yya+KqVRHBmEDYh+/lTozYCFbmzX4nA==
